{
  "name": "castrato",
  "version": "1.0.0",
  "lockfileVersion": 2,
  "requires": true,
  "packages": {
    "": {
      "name": "castrato",
      "version": "1.0.0",
      "license": "MIT",
      "devDependencies": {
        "rollup": "^2.59.0",
        "uglify-js": "^3.14.3"
      }
    },
    "node_modules/fsevents": {
      "version": "2.3.2",
      "resolved": "https://registry.npmjs.org/fsevents/-/fsevents-2.3.2.tgz",
      "integrity": "sha512-xiqMQR4xAeHTuB9uWm+fFRcIOgKBMiOBP+eXiyT7jsgVCq1bkVygt00oASowB7EdtpOHaaPgKt812P9ab+DDKA==",
      "dev": true,
      "hasInstallScript": true,
      "optional": true,
      "os": [
        "darwin"
      ],
      "engines": {
        "node": "^8.16.0 || ^10.6.0 || >=11.0.0"
      }
    },
    "node_modules/rollup": {
      "version": "2.59.0",
      "resolved": "https://registry.npmjs.org/rollup/-/rollup-2.59.0.tgz",
      "integrity": "sha512-l7s90JQhCQ6JyZjKgo7Lq1dKh2RxatOM+Jr6a9F7WbS9WgKbocyUSeLmZl8evAse7y96Ae98L2k1cBOwWD8nHw==",
      "dev": true,
      "bin": {
        "rollup": "dist/bin/rollup"
      },
      "engines": {
        "node": ">=10.0.0"
      },
      "optionalDependencies": {
        "fsevents": "~2.3.2"
      }
    },
    "node_modules/uglify-js": {
      "version": "3.14.3",
      "resolved": "https://registry.npmjs.org/uglify-js/-/uglify-js-3.14.3.tgz",
      "integrity": "sha512-mic3aOdiq01DuSVx0TseaEzMIVqebMZ0Z3vaeDhFEh9bsc24hV1TFvN74reA2vs08D0ZWfNjAcJ3UbVLaBss+g==",
      "dev": true,
      "bin": {
        "uglifyjs": "bin/uglifyjs"
      },
      "engines": {
        "node": ">=0.8.0"
      }
    }
  },
  "dependencies": {
    "fsevents": {
      "version": "2.3.2",
      "resolved": "https://registry.npmjs.org/fsevents/-/fsevents-2.3.2.tgz",
      "integrity": "sha512-xiqMQR4xAeHTuB9uWm+fFRcIOgKBMiOBP+eXiyT7jsgVCq1bkVygt00oASowB7EdtpOHaaPgKt812P9ab+DDKA==",
      "dev": true,
      "optional": true
    },
    "rollup": {
      "version": "2.59.0",
      "resolved": "https://registry.npmjs.org/rollup/-/rollup-2.59.0.tgz",
      "integrity": "sha512-l7s90JQhCQ6JyZjKgo7Lq1dKh2RxatOM+Jr6a9F7WbS9WgKbocyUSeLmZl8evAse7y96Ae98L2k1cBOwWD8nHw==",
      "dev": true,
      "requires": {
        "fsevents": "~2.3.2"
      }
    },
    "uglify-js": {
      "version": "3.14.3",
      "resolved": "https://registry.npmjs.org/uglify-js/-/uglify-js-3.14.3.tgz",
      "integrity": "sha512-mic3aOdiq01DuSVx0TseaEzMIVqebMZ0Z3vaeDhFEh9bsc24hV1TFvN74reA2vs08D0ZWfNjAcJ3UbVLaBss+g==",
      "dev": true
    }
  }
}
